
Microsoft Visual Studio Solution File, Format Version 12.00
# Visual Studio Version 17
VisualStudioVersion = 17.11.35222.181
MinimumVisualStudioVersion = 10.0.40219.1
Project("{9A19103F-16F7-4668-BE54-9A1E7A4F7556}") = "FoxAndRabbit-PPTBKA", "FoxAndRabbit-PPTBKA\FoxAndRabbit-PPTBKA.csproj", "{E6E06DF6-CF3F-464F-8122-2E6698F8A67E}"
EndProject
Project("{9A19103F-16F7-4668-BE54-9A1E7A4F7556}") = "Entities", "Entities\Entities.csproj", "{7D8023CE-E364-47C2-939C-6AE22AE19706}"
EndProject
Project("{2150E333-8FDC-42A3-9474-1A3956D46DE8}") = "Solution Items", "Solution Items", "{D96666DC-24A4-4562-8C79-F20E8AFEB94E}"
	ProjectSection(SolutionItems) = preProject
		.gitignore = .gitignore
	EndProjectSection
EndProject
Project("{FAE04EC0-301F-11D3-BF4B-00C04F79EFBC}") = "TestLib", "TestLib\TestLib.csproj", "{26A606C1-7481-4F82-9954-3DB696C37811}"
EndProject
Global
	GlobalSection(SolutionConfigurationPlatforms) = preSolution
		Debug|Any CPU = Debug|Any CPU
		Release|Any CPU = Release|Any CPU
	EndGlobalSection
	GlobalSection(ProjectConfigurationPlatforms) = postSolution
		{E6E06DF6-CF3F-464F-8122-2E6698F8A67E}.Debug|Any CPU.ActiveCfg = Debug|Any CPU
		{E6E06DF6-CF3F-464F-8122-2E6698F8A67E}.Debug|Any CPU.Build.0 = Debug|Any CPU
		{E6E06DF6-CF3F-464F-8122-2E6698F8A67E}.Release|Any CPU.ActiveCfg = Release|Any CPU
		{E6E06DF6-CF3F-464F-8122-2E6698F8A67E}.Release|Any CPU.Build.0 = Release|Any CPU
		{7D8023CE-E364-47C2-939C-6AE22AE19706}.Debug|Any CPU.ActiveCfg = Debug|Any CPU
		{7D8023CE-E364-47C2-939C-6AE22AE19706}.Debug|Any CPU.Build.0 = Debug|Any CPU
		{7D8023CE-E364-47C2-939C-6AE22AE19706}.Release|Any CPU.ActiveCfg = Release|Any CPU
		{7D8023CE-E364-47C2-939C-6AE22AE19706}.Release|Any CPU.Build.0 = Release|Any CPU
		{26A606C1-7481-4F82-9954-3DB696C37811}.Debug|Any CPU.ActiveCfg = Debug|Any CPU
		{26A606C1-7481-4F82-9954-3DB696C37811}.Debug|Any CPU.Build.0 = Debug|Any CPU
		{26A606C1-7481-4F82-9954-3DB696C37811}.Release|Any CPU.ActiveCfg = Release|Any CPU
		{26A606C1-7481-4F82-9954-3DB696C37811}.Release|Any CPU.Build.0 = Release|Any CPU
	EndGlobalSection
	GlobalSection(SolutionProperties) = preSolution
		HideSolutionNode = FALSE
	EndGlobalSection
	GlobalSection(ExtensibilityGlobals) = postSolution
		SolutionGuid = {5362F26A-1B86-4A38-983C-49ABB287D8F8}
	EndGlobalSection
EndGlobal
